
Microsoft Visual Studio Solution File, Format Version 12.00
# Visual Studio 2013
VisualStudioVersion = 12.0.21005.1
MinimumVisualStudioVersion = 10.0.40219.1
Project("{2150E333-8FDC-42A3-9474-1A3956D46DE8}") = "Framework", "Framework", "{C493878C-F641-43E2-B233-C18DED75ABFE}"
EndProject
Project("{2150E333-8FDC-42A3-9474-1A3956D46DE8}") = "DomainServices", "DomainServices", "{AB531006-6879-4A45-B641-C4E882E97C30}"
EndProject
Project("{2150E333-8FDC-42A3-9474-1A3956D46DE8}") = "DatabaseSchema", "DatabaseSchema", "{6BD9FBAF-C749-4C4F-AED9-A21CA0EED072}"
EndProject
Project("{2150E333-8FDC-42A3-9474-1A3956D46DE8}") = "DataModules", "DataModules", "{393E77E1-ADD2-469D-BF12-ACB283D96C71}"
EndProject
Project("{2150E333-8FDC-42A3-9474-1A3956D46DE8}") = "Security", "Security", "{7F724749-4FB4-4AD4-985B-E771537EC3BE}"
EndProject
Project("{2150E333-8FDC-42A3-9474-1A3956D46DE8}") = "Product", "Product", "{F56F04CC-EE61-4C60-9CD3-F4FD9ACE1303}"
EndProject
Project("{2150E333-8FDC-42A3-9474-1A3956D46DE8}") = "Tests", "Tests", "{54847307-4E58-4EED-9718-01A58C1E4650}"
EndProject
Project("{2150E333-8FDC-42A3-9474-1A3956D46DE8}") = "ServicesTest", "ServicesTest", "{A05D878D-F2AE-4B57-B15F-FE3492EB8358}"
EndProject
Project("{2150E333-8FDC-42A3-9474-1A3956D46DE8}") = "DataModuleTest", "DataModuleTest", "{4F2E22D8-CAFC-4273-B546-5005CA8927C3}"
EndProject
Project("{FAE04EC0-301F-11D3-BF4B-00C04F79EFBC}") = "WebApp", "WebApp\WebApp.csproj", "{1AAFDCE3-CED8-46C3-A104-5FED476471C3}"
EndProject
Project("{00D1A9C2-B5F0-4AF3-8072-F6C62B433612}") = "BookStoreDatabaseStructure", "DatabaseSchema\BookStoreDatabaseStructure\BookStoreDatabaseStructure.sqlproj", "{E86E9850-C3CB-4F45-B501-B830D58D9E77}"
EndProject
Project("{FAE04EC0-301F-11D3-BF4B-00C04F79EFBC}") = "Ojb.DataModules.Security.Contract", "DataModules\Security\Ojb.DataModules.Security.Contract\Ojb.DataModules.Security.Contract.csproj", "{C6F81540-C6A7-43FA-B411-8B97056852F6}"
EndProject
Project("{FAE04EC0-301F-11D3-BF4B-00C04F79EFBC}") = "Ojb.DataModules.Security.Mapping", "DataModules\Security\Ojb.DataModules.Security.Mapping\Ojb.DataModules.Security.Mapping.csproj", "{F8C148EC-2E79-4242-B1E8-D5006ABD8BBB}"
EndProject
Project("{FAE04EC0-301F-11D3-BF4B-00C04F79EFBC}") = "Ojb.DataModules.Security.Provider", "DataModules\Security\Ojb.DataModules.Security.Provider\Ojb.DataModules.Security.Provider.csproj", "{28266F42-AF5C-4453-BAFB-E7D71381F7B3}"
EndProject
Project("{FAE04EC0-301F-11D3-BF4B-00C04F79EFBC}") = "Ojb.DomainServices.Contract", "DomainServices\Ojb.DomainServices.Contract\Ojb.DomainServices.Contract.csproj", "{75B1AFCC-F9E3-4BE1-8DE4-C0DEE3E2B2F3}"
EndProject
Project("{FAE04EC0-301F-11D3-BF4B-00C04F79EFBC}") = "Ojb.DomainServices.Host", "DomainServices\Ojb.DomainServices.Host\Ojb.DomainServices.Host.csproj", "{92002D99-4711-4E69-BEFF-26B897DD2A6F}"
EndProject
Project("{FAE04EC0-301F-11D3-BF4B-00C04F79EFBC}") = "Ojb.DomainServices.Library", "DomainServices\Ojb.DomainServices.Library\Ojb.DomainServices.Library.csproj", "{04D6DBB9-5835-4830-9DFC-1686E53D447E}"
EndProject
Project("{FAE04EC0-301F-11D3-BF4B-00C04F79EFBC}") = "Ojb.Framework.Common", "Framework\Ojb.Framework.Common\Ojb.Framework.Common.csproj", "{E911FB7E-6F38-487E-91BF-945676037D71}"
EndProject
Project("{FAE04EC0-301F-11D3-BF4B-00C04F79EFBC}") = "Ojb.Framework.Dao", "Framework\Ojb.Framework.Dao\Ojb.Framework.Dao.csproj", "{F2089C65-55B4-483B-A57A-94788421EF43}"
EndProject
Project("{FAE04EC0-301F-11D3-BF4B-00C04F79EFBC}") = "Ojb.Framework.Domain", "Framework\Ojb.Framework.Domain\Ojb.Framework.Domain.csproj", "{8A6B29CB-9042-4F0F-B1EF-E6F5CE0DD110}"
EndProject
Project("{FAE04EC0-301F-11D3-BF4B-00C04F79EFBC}") = "Ojb.Framework.EntityFrameworkProvider", "Framework\Ojb.Framework.EntityFrameworkProvider\Ojb.Framework.EntityFrameworkProvider.csproj", "{C3BF8D1F-C6FB-4E57-9E3B-CB3414D610DA}"
EndProject
Project("{FAE04EC0-301F-11D3-BF4B-00C04F79EFBC}") = "Ojb.Framework.Mapping", "Framework\Ojb.Framework.Mapping\Ojb.Framework.Mapping.csproj", "{A8EA88FB-14B2-419F-8023-D3F3F57AB42B}"
EndProject
Project("{FAE04EC0-301F-11D3-BF4B-00C04F79EFBC}") = "Ojb.Framework.Module", "Framework\Ojb.Framework.Module\Ojb.Framework.Module.csproj", "{D1D4C158-F96C-47C0-AA5D-04DB414A4F35}"
EndProject
Project("{FAE04EC0-301F-11D3-BF4B-00C04F79EFBC}") = "Ojb.Framework.ServiceBase", "Framework\Ojb.Framework.ServiceBase\Ojb.Framework.ServiceBase.csproj", "{CFEFA6A8-7D5F-4421-96AE-DF131B11D3F9}"
EndProject
Project("{FAE04EC0-301F-11D3-BF4B-00C04F79EFBC}") = "Ojb.Framework.Utilities", "Framework\Ojb.Framework.Utilities\Ojb.Framework.Utilities.csproj", "{78DC37D0-8891-4A3D-856F-B01F9516C3F3}"
EndProject
Project("{FAE04EC0-301F-11D3-BF4B-00C04F79EFBC}") = "Ojb.Framework.WebBase", "Framework\Ojb.Framework.WebBase\Ojb.Framework.WebBase.csproj", "{8B4E84D5-B87C-4DFB-84E4-82A845462BE3}"
EndProject
Project("{FAE04EC0-301F-11D3-BF4B-00C04F79EFBC}") = "Ojb.DataModules.Product.Contract", "DataModules\Product\Ojb.DataModules.Product.Contract\Ojb.DataModules.Product.Contract.csproj", "{03BE6E2A-EB31-48D7-9B9B-0C652A2EB4E7}"
EndProject
Project("{FAE04EC0-301F-11D3-BF4B-00C04F79EFBC}") = "Ojb.DataModules.Product.Mapping", "DataModules\Product\Ojb.DataModules.Product.Mapping\Ojb.DataModules.Product.Mapping.csproj", "{432362AB-253D-4156-8D6B-5ED8B729441B}"
EndProject
Project("{FAE04EC0-301F-11D3-BF4B-00C04F79EFBC}") = "Ojb.DataModules.Product.Provider", "DataModules\Product\Ojb.DataModules.Product.Provider\Ojb.DataModules.Product.Provider.csproj", "{941A0876-E7BE-4E80-BEFD-F00E7E49CB5A}"
EndProject
Global
	GlobalSection(SolutionConfigurationPlatforms) = preSolution
		Debug|Any CPU = Debug|Any CPU
		Release|Any CPU = Release|Any CPU
	EndGlobalSection
	GlobalSection(ProjectConfigurationPlatforms) = postSolution
		{1AAFDCE3-CED8-46C3-A104-5FED476471C3}.Debug|Any CPU.ActiveCfg = Debug|Any CPU
		{1AAFDCE3-CED8-46C3-A104-5FED476471C3}.Debug|Any CPU.Build.0 = Debug|Any CPU
		{1AAFDCE3-CED8-46C3-A104-5FED476471C3}.Release|Any CPU.ActiveCfg = Release|Any CPU
		{1AAFDCE3-CED8-46C3-A104-5FED476471C3}.Release|Any CPU.Build.0 = Release|Any CPU
		{E86E9850-C3CB-4F45-B501-B830D58D9E77}.Debug|Any CPU.ActiveCfg = Debug|Any CPU
		{E86E9850-C3CB-4F45-B501-B830D58D9E77}.Debug|Any CPU.Build.0 = Debug|Any CPU
		{E86E9850-C3CB-4F45-B501-B830D58D9E77}.Debug|Any CPU.Deploy.0 = Debug|Any CPU
		{E86E9850-C3CB-4F45-B501-B830D58D9E77}.Release|Any CPU.ActiveCfg = Release|Any CPU
		{E86E9850-C3CB-4F45-B501-B830D58D9E77}.Release|Any CPU.Build.0 = Release|Any CPU
		{E86E9850-C3CB-4F45-B501-B830D58D9E77}.Release|Any CPU.Deploy.0 = Release|Any CPU
		{C6F81540-C6A7-43FA-B411-8B97056852F6}.Debug|Any CPU.ActiveCfg = Debug|Any CPU
		{C6F81540-C6A7-43FA-B411-8B97056852F6}.Debug|Any CPU.Build.0 = Debug|Any CPU
		{C6F81540-C6A7-43FA-B411-8B97056852F6}.Release|Any CPU.ActiveCfg = Release|Any CPU
		{C6F81540-C6A7-43FA-B411-8B97056852F6}.Release|Any CPU.Build.0 = Release|Any CPU
		{F8C148EC-2E79-4242-B1E8-D5006ABD8BBB}.Debug|Any CPU.ActiveCfg = Debug|Any CPU
		{F8C148EC-2E79-4242-B1E8-D5006ABD8BBB}.Debug|Any CPU.Build.0 = Debug|Any CPU
		{F8C148EC-2E79-4242-B1E8-D5006ABD8BBB}.Release|Any CPU.ActiveCfg = Release|Any CPU
		{F8C148EC-2E79-4242-B1E8-D5006ABD8BBB}.Release|Any CPU.Build.0 = Release|Any CPU
		{28266F42-AF5C-4453-BAFB-E7D71381F7B3}.Debug|Any CPU.ActiveCfg = Debug|Any CPU
		{28266F42-AF5C-4453-BAFB-E7D71381F7B3}.Debug|Any CPU.Build.0 = Debug|Any CPU
		{28266F42-AF5C-4453-BAFB-E7D71381F7B3}.Release|Any CPU.ActiveCfg = Release|Any CPU
		{28266F42-AF5C-4453-BAFB-E7D71381F7B3}.Release|Any CPU.Build.0 = Release|Any CPU
		{75B1AFCC-F9E3-4BE1-8DE4-C0DEE3E2B2F3}.Debug|Any CPU.ActiveCfg = Debug|Any CPU
		{75B1AFCC-F9E3-4BE1-8DE4-C0DEE3E2B2F3}.Debug|Any CPU.Build.0 = Debug|Any CPU
		{75B1AFCC-F9E3-4BE1-8DE4-C0DEE3E2B2F3}.Release|Any CPU.ActiveCfg = Release|Any CPU
		{75B1AFCC-F9E3-4BE1-8DE4-C0DEE3E2B2F3}.Release|Any CPU.Build.0 = Release|Any CPU
		{92002D99-4711-4E69-BEFF-26B897DD2A6F}.Debug|Any CPU.ActiveCfg = Debug|Any CPU
		{92002D99-4711-4E69-BEFF-26B897DD2A6F}.Debug|Any CPU.Build.0 = Debug|Any CPU
		{92002D99-4711-4E69-BEFF-26B897DD2A6F}.Release|Any CPU.ActiveCfg = Release|Any CPU
		{92002D99-4711-4E69-BEFF-26B897DD2A6F}.Release|Any CPU.Build.0 = Release|Any CPU
		{04D6DBB9-5835-4830-9DFC-1686E53D447E}.Debug|Any CPU.ActiveCfg = Debug|Any CPU
		{04D6DBB9-5835-4830-9DFC-1686E53D447E}.Debug|Any CPU.Build.0 = Debug|Any CPU
		{04D6DBB9-5835-4830-9DFC-1686E53D447E}.Release|Any CPU.ActiveCfg = Release|Any CPU
		{04D6DBB9-5835-4830-9DFC-1686E53D447E}.Release|Any CPU.Build.0 = Release|Any CPU
		{E911FB7E-6F38-487E-91BF-945676037D71}.Debug|Any CPU.ActiveCfg = Debug|Any CPU
		{E911FB7E-6F38-487E-91BF-945676037D71}.Debug|Any CPU.Build.0 = Debug|Any CPU
		{E911FB7E-6F38-487E-91BF-945676037D71}.Release|Any CPU.ActiveCfg = Release|Any CPU
		{E911FB7E-6F38-487E-91BF-945676037D71}.Release|Any CPU.Build.0 = Release|Any CPU
		{F2089C65-55B4-483B-A57A-94788421EF43}.Debug|Any CPU.ActiveCfg = Debug|Any CPU
		{F2089C65-55B4-483B-A57A-94788421EF43}.Debug|Any CPU.Build.0 = Debug|Any CPU
		{F2089C65-55B4-483B-A57A-94788421EF43}.Release|Any CPU.ActiveCfg = Release|Any CPU
		{F2089C65-55B4-483B-A57A-94788421EF43}.Release|Any CPU.Build.0 = Release|Any CPU
		{8A6B29CB-9042-4F0F-B1EF-E6F5CE0DD110}.Debug|Any CPU.ActiveCfg = Debug|Any CPU
		{8A6B29CB-9042-4F0F-B1EF-E6F5CE0DD110}.Debug|Any CPU.Build.0 = Debug|Any CPU
		{8A6B29CB-9042-4F0F-B1EF-E6F5CE0DD110}.Release|Any CPU.ActiveCfg = Release|Any CPU
		{8A6B29CB-9042-4F0F-B1EF-E6F5CE0DD110}.Release|Any CPU.Build.0 = Release|Any CPU
		{C3BF8D1F-C6FB-4E57-9E3B-CB3414D610DA}.Debug|Any CPU.ActiveCfg = Debug|Any CPU
		{C3BF8D1F-C6FB-4E57-9E3B-CB3414D610DA}.Debug|Any CPU.Build.0 = Debug|Any CPU
		{C3BF8D1F-C6FB-4E57-9E3B-CB3414D610DA}.Release|Any CPU.ActiveCfg = Release|Any CPU
		{C3BF8D1F-C6FB-4E57-9E3B-CB3414D610DA}.Release|Any CPU.Build.0 = Release|Any CPU
		{A8EA88FB-14B2-419F-8023-D3F3F57AB42B}.Debug|Any CPU.ActiveCfg = Debug|Any CPU
		{A8EA88FB-14B2-419F-8023-D3F3F57AB42B}.Debug|Any CPU.Build.0 = Debug|Any CPU
		{A8EA88FB-14B2-419F-8023-D3F3F57AB42B}.Release|Any CPU.ActiveCfg = Release|Any CPU
		{A8EA88FB-14B2-419F-8023-D3F3F57AB42B}.Release|Any CPU.Build.0 = Release|Any CPU
		{D1D4C158-F96C-47C0-AA5D-04DB414A4F35}.Debug|Any CPU.ActiveCfg = Debug|Any CPU
		{D1D4C158-F96C-47C0-AA5D-04DB414A4F35}.Debug|Any CPU.Build.0 = Debug|Any CPU
		{D1D4C158-F96C-47C0-AA5D-04DB414A4F35}.Release|Any CPU.ActiveCfg = Release|Any CPU
		{D1D4C158-F96C-47C0-AA5D-04DB414A4F35}.Release|Any CPU.Build.0 = Release|Any CPU
		{CFEFA6A8-7D5F-4421-96AE-DF131B11D3F9}.Debug|Any CPU.ActiveCfg = Debug|Any CPU
		{CFEFA6A8-7D5F-4421-96AE-DF131B11D3F9}.Debug|Any CPU.Build.0 = Debug|Any CPU
		{CFEFA6A8-7D5F-4421-96AE-DF131B11D3F9}.Release|Any CPU.ActiveCfg = Release|Any CPU
		{CFEFA6A8-7D5F-4421-96AE-DF131B11D3F9}.Release|Any CPU.Build.0 = Release|Any CPU
		{78DC37D0-8891-4A3D-856F-B01F9516C3F3}.Debug|Any CPU.ActiveCfg = Debug|Any CPU
		{78DC37D0-8891-4A3D-856F-B01F9516C3F3}.Debug|Any CPU.Build.0 = Debug|Any CPU
		{78DC37D0-8891-4A3D-856F-B01F9516C3F3}.Release|Any CPU.ActiveCfg = Release|Any CPU
		{78DC37D0-8891-4A3D-856F-B01F9516C3F3}.Release|Any CPU.Build.0 = Release|Any CPU
		{8B4E84D5-B87C-4DFB-84E4-82A845462BE3}.Debug|Any CPU.ActiveCfg = Debug|Any CPU
		{8B4E84D5-B87C-4DFB-84E4-82A845462BE3}.Debug|Any CPU.Build.0 = Debug|Any CPU
		{8B4E84D5-B87C-4DFB-84E4-82A845462BE3}.Release|Any CPU.ActiveCfg = Release|Any CPU
		{8B4E84D5-B87C-4DFB-84E4-82A845462BE3}.Release|Any CPU.Build.0 = Release|Any CPU
		{03BE6E2A-EB31-48D7-9B9B-0C652A2EB4E7}.Debug|Any CPU.ActiveCfg = Debug|Any CPU
		{03BE6E2A-EB31-48D7-9B9B-0C652A2EB4E7}.Debug|Any CPU.Build.0 = Debug|Any CPU
		{03BE6E2A-EB31-48D7-9B9B-0C652A2EB4E7}.Release|Any CPU.ActiveCfg = Release|Any CPU
		{03BE6E2A-EB31-48D7-9B9B-0C652A2EB4E7}.Release|Any CPU.Build.0 = Release|Any CPU
		{432362AB-253D-4156-8D6B-5ED8B729441B}.Debug|Any CPU.ActiveCfg = Debug|Any CPU
		{432362AB-253D-4156-8D6B-5ED8B729441B}.Debug|Any CPU.Build.0 = Debug|Any CPU
		{432362AB-253D-4156-8D6B-5ED8B729441B}.Release|Any CPU.ActiveCfg = Release|Any CPU
		{432362AB-253D-4156-8D6B-5ED8B729441B}.Release|Any CPU.Build.0 = Release|Any CPU
		{941A0876-E7BE-4E80-BEFD-F00E7E49CB5A}.Debug|Any CPU.ActiveCfg = Debug|Any CPU
		{941A0876-E7BE-4E80-BEFD-F00E7E49CB5A}.Debug|Any CPU.Build.0 = Debug|Any CPU
		{941A0876-E7BE-4E80-BEFD-F00E7E49CB5A}.Release|Any CPU.ActiveCfg = Release|Any CPU
		{941A0876-E7BE-4E80-BEFD-F00E7E49CB5A}.Release|Any CPU.Build.0 = Release|Any CPU
	EndGlobalSection
	GlobalSection(SolutionProperties) = preSolution
		HideSolutionNode = FALSE
	EndGlobalSection
	GlobalSection(NestedProjects) = preSolution
		{E911FB7E-6F38-487E-91BF-945676037D71} = {C493878C-F641-43E2-B233-C18DED75ABFE}
		{F2089C65-55B4-483B-A57A-94788421EF43} = {C493878C-F641-43E2-B233-C18DED75ABFE}
		{8A6B29CB-9042-4F0F-B1EF-E6F5CE0DD110} = {C493878C-F641-43E2-B233-C18DED75ABFE}
		{C3BF8D1F-C6FB-4E57-9E3B-CB3414D610DA} = {C493878C-F641-43E2-B233-C18DED75ABFE}
		{A8EA88FB-14B2-419F-8023-D3F3F57AB42B} = {C493878C-F641-43E2-B233-C18DED75ABFE}
		{D1D4C158-F96C-47C0-AA5D-04DB414A4F35} = {C493878C-F641-43E2-B233-C18DED75ABFE}
		{CFEFA6A8-7D5F-4421-96AE-DF131B11D3F9} = {C493878C-F641-43E2-B233-C18DED75ABFE}
		{78DC37D0-8891-4A3D-856F-B01F9516C3F3} = {C493878C-F641-43E2-B233-C18DED75ABFE}
		{8B4E84D5-B87C-4DFB-84E4-82A845462BE3} = {C493878C-F641-43E2-B233-C18DED75ABFE}
		{75B1AFCC-F9E3-4BE1-8DE4-C0DEE3E2B2F3} = {AB531006-6879-4A45-B641-C4E882E97C30}
		{92002D99-4711-4E69-BEFF-26B897DD2A6F} = {AB531006-6879-4A45-B641-C4E882E97C30}
		{04D6DBB9-5835-4830-9DFC-1686E53D447E} = {AB531006-6879-4A45-B641-C4E882E97C30}
		{E86E9850-C3CB-4F45-B501-B830D58D9E77} = {6BD9FBAF-C749-4C4F-AED9-A21CA0EED072}
		{7F724749-4FB4-4AD4-985B-E771537EC3BE} = {393E77E1-ADD2-469D-BF12-ACB283D96C71}
		{F56F04CC-EE61-4C60-9CD3-F4FD9ACE1303} = {393E77E1-ADD2-469D-BF12-ACB283D96C71}
		{C6F81540-C6A7-43FA-B411-8B97056852F6} = {7F724749-4FB4-4AD4-985B-E771537EC3BE}
		{F8C148EC-2E79-4242-B1E8-D5006ABD8BBB} = {7F724749-4FB4-4AD4-985B-E771537EC3BE}
		{28266F42-AF5C-4453-BAFB-E7D71381F7B3} = {7F724749-4FB4-4AD4-985B-E771537EC3BE}
		{03BE6E2A-EB31-48D7-9B9B-0C652A2EB4E7} = {F56F04CC-EE61-4C60-9CD3-F4FD9ACE1303}
		{432362AB-253D-4156-8D6B-5ED8B729441B} = {F56F04CC-EE61-4C60-9CD3-F4FD9ACE1303}
		{941A0876-E7BE-4E80-BEFD-F00E7E49CB5A} = {F56F04CC-EE61-4C60-9CD3-F4FD9ACE1303}
		{A05D878D-F2AE-4B57-B15F-FE3492EB8358} = {54847307-4E58-4EED-9718-01A58C1E4650}
		{4F2E22D8-CAFC-4273-B546-5005CA8927C3} = {54847307-4E58-4EED-9718-01A58C1E4650}
	EndGlobalSection
EndGlobal
